// !$*UTF8*$!
{
	archiveVersion = 1;
	classes = {
	};
	objectVersion = 46;
	objects = {

/* Begin PBXBuildFile section */
		05387AE01AD7CA2300F9954E /* main.m in Sources */ = {isa = PBXBuildFile; fileRef = 05387ADF1AD7CA2300F9954E /* main.m */; };
		05387AE31AD7CA2300F9954E /* AppDelegate.m in Sources */ = {isa = PBXBuildFile; fileRef = 05387AE21AD7CA2300F9954E /* AppDelegate.m */; };
		05387AEB1AD7CA2300F9954E /* Images.xcassets in Resources */ = {isa = PBXBuildFile; fileRef = 05387AEA1AD7CA2300F9954E /* Images.xcassets */; };
		05387AEE1AD7CA2300F9954E /* LaunchScreen.xib in Resources */ = {isa = PBXBuildFile; fileRef = 05387AEC1AD7CA2300F9954E /* LaunchScreen.xib */; };
		05387AFA1AD7CA2300F9954E /* hackersBookCoreDateTests.m in Sources */ = {isa = PBXBuildFile; fileRef = 05387AF91AD7CA2300F9954E /* hackersBookCoreDateTests.m */; };
		05387B061AD7CAEF00F9954E /* Model.xcdatamodeld in Sources */ = {isa = PBXBuildFile; fileRef = 05387B041AD7CAEF00F9954E /* Model.xcdatamodeld */; };
		05387B091AD7D14F00F9954E /* BSIHackersBookBaseClass.m in Sources */ = {isa = PBXBuildFile; fileRef = 05387B081AD7D14F00F9954E /* BSIHackersBookBaseClass.m */; };
		05387B131AD7D22C00F9954E /* _BSIAuthor.m in Sources */ = {isa = PBXBuildFile; fileRef = 05387B0B1AD7D22C00F9954E /* _BSIAuthor.m */; };
		05387B141AD7D22C00F9954E /* _BSIBook.m in Sources */ = {isa = PBXBuildFile; fileRef = 05387B0C1AD7D22C00F9954E /* _BSIBook.m */; };
		05387B151AD7D22C00F9954E /* _BSINote.m in Sources */ = {isa = PBXBuildFile; fileRef = 05387B0E1AD7D22C00F9954E /* _BSINote.m */; };
		05387B161AD7D22C00F9954E /* _BSIPdf.m in Sources */ = {isa = PBXBuildFile; fileRef = 05387B101AD7D22C00F9954E /* _BSIPdf.m */; };
		05387B171AD7D22C00F9954E /* _BSIPhoto.m in Sources */ = {isa = PBXBuildFile; fileRef = 05387B121AD7D22C00F9954E /* _BSIPhoto.m */; };
		05387B1B1AD7D23700F9954E /* _BSITag.m in Sources */ = {isa = PBXBuildFile; fileRef = 05387B1A1AD7D23700F9954E /* _BSITag.m */; };
		05387B211AD7D26400F9954E /* BSIBook.m in Sources */ = {isa = PBXBuildFile; fileRef = 05387B1E1AD7D26400F9954E /* BSIBook.m */; };
		05387B221AD7D26400F9954E /* BSITag.m in Sources */ = {isa = PBXBuildFile; fileRef = 05387B201AD7D26400F9954E /* BSITag.m */; };
		05387B2B1AD7D26D00F9954E /* BSIAuthor.m in Sources */ = {isa = PBXBuildFile; fileRef = 05387B241AD7D26D00F9954E /* BSIAuthor.m */; };
		05387B2C1AD7D26D00F9954E /* BSINote.m in Sources */ = {isa = PBXBuildFile; fileRef = 05387B261AD7D26D00F9954E /* BSINote.m */; };
		05387B2D1AD7D26D00F9954E /* BSIPdf.m in Sources */ = {isa = PBXBuildFile; fileRef = 05387B281AD7D26D00F9954E /* BSIPdf.m */; };
		05387B2E1AD7D26D00F9954E /* BSIPhoto.m in Sources */ = {isa = PBXBuildFile; fileRef = 05387B2A1AD7D26D00F9954E /* BSIPhoto.m */; };
		05387B311AD7D2EE00F9954E /* AGTCoreDataStack.m in Sources */ = {isa = PBXBuildFile; fileRef = 05387B2F1AD7D2EE00F9954E /* AGTCoreDataStack.m */; };
		05387B351AD846B100F9954E /* AGTCoreDataTableViewController.m in Sources */ = {isa = PBXBuildFile; fileRef = 05387B341AD846B100F9954E /* AGTCoreDataTableViewController.m */; };
		05387B381AD846EF00F9954E /* BSIBooksViewController.m in Sources */ = {isa = PBXBuildFile; fileRef = 05387B371AD846EF00F9954E /* BSIBooksViewController.m */; };
		054E4FBB1AD90CBB00BD1F0E /* BookViewController.m in Sources */ = {isa = PBXBuildFile; fileRef = 054E4FB91AD90CBB00BD1F0E /* BookViewController.m */; };
		054E4FBC1AD90CBB00BD1F0E /* BookViewController.xib in Resources */ = {isa = PBXBuildFile; fileRef = 054E4FBA1AD90CBB00BD1F0E /* BookViewController.xib */; };
		054E4FC21ADA638C00BD1F0E /* UIViewController+Navigation.m in Sources */ = {isa = PBXBuildFile; fileRef = 054E4FC11ADA638C00BD1F0E /* UIViewController+Navigation.m */; };
		054E4FC71ADA688200BD1F0E /* AGTCoreDataStack+AGTCoreDataStack_DownloadedData.m in Sources */ = {isa = PBXBuildFile; fileRef = 054E4FC61ADA688200BD1F0E /* AGTCoreDataStack+AGTCoreDataStack_DownloadedData.m */; };
		054E6C051AE4175F006A9D67 /* BSINoteCollectionViewCell.xib in Resources */ = {isa = PBXBuildFile; fileRef = 054E6C041AE4175F006A9D67 /* BSINoteCollectionViewCell.xib */; };
		054E6C081AE41978006A9D67 /* BSINoteCollectionViewCell.m in Sources */ = {isa = PBXBuildFile; fileRef = 054E6C071AE41978006A9D67 /* BSINoteCollectionViewCell.m */; };
		054E6C0B1AE41BC9006A9D67 /* BSINotesViewController.m in Sources */ = {isa = PBXBuildFile; fileRef = 054E6C0A1AE41BC8006A9D67 /* BSINotesViewController.m */; };
		056F03201AE6F60900CA2C07 /* _BSILocation.m in Sources */ = {isa = PBXBuildFile; fileRef = 056F031F1AE6F60900CA2C07 /* _BSILocation.m */; };
		056F03231AE6F61600CA2C07 /* BSILocation.m in Sources */ = {isa = PBXBuildFile; fileRef = 056F03221AE6F61600CA2C07 /* BSILocation.m */; };
		0580923E1AE441AB00A92B8D /* noImage.png in Resources */ = {isa = PBXBuildFile; fileRef = 0580923D1AE441AB00A92B8D /* noImage.png */; };
		058092421AE4F80C00A92B8D /* BSINoteViewController.m in Sources */ = {isa = PBXBuildFile; fileRef = 058092401AE4F80C00A92B8D /* BSINoteViewController.m */; };
		058092431AE4F80C00A92B8D /* BSINoteViewController.xib in Resources */ = {isa = PBXBuildFile; fileRef = 058092411AE4F80C00A92B8D /* BSINoteViewController.xib */; };
		058092451AE4FA7400A92B8D /* MapKit.framework in Frameworks */ = {isa = PBXBuildFile; fileRef = 058092441AE4FA7400A92B8D /* MapKit.framework */; };
		058092491AE65E4600A92B8D /* BSIPhotoViewController.m in Sources */ = {isa = PBXBuildFile; fileRef = 058092471AE65E4600A92B8D /* BSIPhotoViewController.m */; };
		0580924A1AE65E4600A92B8D /* BSIPhotoViewController.xib in Resources */ = {isa = PBXBuildFile; fileRef = 058092481AE65E4600A92B8D /* BSIPhotoViewController.xib */; };
		05C3FEA71AE0321200DAB39D /* AGTCoreDataCollectionViewController.m in Sources */ = {isa = PBXBuildFile; fileRef = 05C3FEA61AE0321200DAB39D /* AGTCoreDataCollectionViewController.m */; };
/* End PBXBuildFile section */

/* Begin PBXContainerItemProxy section */
		05387AF41AD7CA2300F9954E /* PBXContainerItemProxy */ = {
			isa = PBXContainerItemProxy;
			containerPortal = 05387AD21AD7CA2200F9954E /* Project object */;
			proxyType = 1;
			remoteGlobalIDString = 05387AD91AD7CA2200F9954E;
			remoteInfo = hackersBookCoreDate;
		};
/* End PBXContainerItemProxy section */

/* Begin PBXFileReference section */
		05387ADA1AD7CA2200F9954E /* hackersBookCoreDate.app */ = {isa = PBXFileReference; explicitFileType = wrapper.application; includeInIndex = 0; path = hackersBookCoreDate.app; sourceTree = BUILT_PRODUCTS_DIR; };
		05387ADE1AD7CA2200F9954E /* Info.plist */ = {isa = PBXFileReference; lastKnownFileType = text.plist.xml; path = Info.plist; sourceTree = "<group>"; };
		05387ADF1AD7CA2300F9954E /* main.m */ = {isa = PBXFileReference; lastKnownFileType = sourcecode.c.objc; path = main.m; sourceTree = "<group>"; };
		05387AE11AD7CA2300F9954E /* AppDelegate.h */ = {isa = PBXFileReference; lastKnownFileType = sourcecode.c.h; path = AppDelegate.h; sourceTree = "<group>"; };
		05387AE21AD7CA2300F9954E /* AppDelegate.m */ = {isa = PBXFileReference; lastKnownFileType = sourcecode.c.objc; path = AppDelegate.m; sourceTree = "<group>"; };
		05387AEA1AD7CA2300F9954E /* Images.xcassets */ = {isa = PBXFileReference; lastKnownFileType = folder.assetcatalog; path = Images.xcassets; sourceTree = "<group>"; };
		05387AED1AD7CA2300F9954E /* Base */ = {isa = PBXFileReference; lastKnownFileType = file.xib; name = Base; path = Base.lproj/LaunchScreen.xib; sourceTree = "<group>"; };
		05387AF31AD7CA2300F9954E /* hackersBookCoreDateTests.xctest */ = {isa = PBXFileReference; explicitFileType = wrapper.cfbundle; includeInIndex = 0; path = hackersBookCoreDateTests.xctest; sourceTree = BUILT_PRODUCTS_DIR; };
		05387AF81AD7CA2300F9954E /* Info.plist */ = {isa = PBXFileReference; lastKnownFileType = text.plist.xml; path = Info.plist; sourceTree = "<group>"; };
		05387AF91AD7CA2300F9954E /* hackersBookCoreDateTests.m */ = {isa = PBXFileReference; lastKnownFileType = sourcecode.c.objc; path = hackersBookCoreDateTests.m; sourceTree = "<group>"; };
		05387B051AD7CAEF00F9954E /* Model.xcdatamodel */ = {isa = PBXFileReference; lastKnownFileType = wrapper.xcdatamodel; path = Model.xcdatamodel; sourceTree = "<group>"; };
		05387B071AD7D14F00F9954E /* BSIHackersBookBaseClass.h */ = {isa = PBXFileReference; fileEncoding = 4; lastKnownFileType = sourcecode.c.h; path = BSIHackersBookBaseClass.h; sourceTree = "<group>"; };
		05387B081AD7D14F00F9954E /* BSIHackersBookBaseClass.m */ = {isa = PBXFileReference; fileEncoding = 4; lastKnownFileType = sourcecode.c.objc; path = BSIHackersBookBaseClass.m; sourceTree = "<group>"; };
		05387B0A1AD7D22C00F9954E /* _BSIAuthor.h */ = {isa = PBXFileReference; fileEncoding = 4; lastKnownFileType = sourcecode.c.h; path = _BSIAuthor.h; sourceTree = "<group>"; };
		05387B0B1AD7D22C00F9954E /* _BSIAuthor.m */ = {isa = PBXFileReference; fileEncoding = 4; lastKnownFileType = sourcecode.c.objc; path = _BSIAuthor.m; sourceTree = "<group>"; };
		05387B0C1AD7D22C00F9954E /* _BSIBook.m */ = {isa = PBXFileReference; fileEncoding = 4; lastKnownFileType = sourcecode.c.objc; path = _BSIBook.m; sourceTree = "<group>"; };
		05387B0D1AD7D22C00F9954E /* _BSINote.h */ = {isa = PBXFileReference; fileEncoding = 4; lastKnownFileType = sourcecode.c.h; path = _BSINote.h; sourceTree = "<group>"; };
		05387B0E1AD7D22C00F9954E /* _BSINote.m */ = {isa = PBXFileReference; fileEncoding = 4; lastKnownFileType = sourcecode.c.objc; path = _BSINote.m; sourceTree = "<group>"; };
		05387B0F1AD7D22C00F9954E /* _BSIPdf.h */ = {isa = PBXFileReference; fileEncoding = 4; lastKnownFileType = sourcecode.c.h; path = _BSIPdf.h; sourceTree = "<group>"; };
		05387B101AD7D22C00F9954E /* _BSIPdf.m */ = {isa = PBXFileReference; fileEncoding = 4; lastKnownFileType = sourcecode.c.objc; path = _BSIPdf.m; sourceTree = "<group>"; };
		05387B111AD7D22C00F9954E /* _BSIPhoto.h */ = {isa = PBXFileReference; fileEncoding = 4; lastKnownFileType = sourcecode.c.h; path = _BSIPhoto.h; sourceTree = "<group>"; };
		05387B121AD7D22C00F9954E /* _BSIPhoto.m */ = {isa = PBXFileReference; fileEncoding = 4; lastKnownFileType = sourcecode.c.objc; path = _BSIPhoto.m; sourceTree = "<group>"; };
		05387B181AD7D23700F9954E /* _BSIBook.h */ = {isa = PBXFileReference; fileEncoding = 4; lastKnownFileType = sourcecode.c.h; path = _BSIBook.h; sourceTree = "<group>"; };
		05387B191AD7D23700F9954E /* _BSITag.h */ = {isa = PBXFileReference; fileEncoding = 4; lastKnownFileType = sourcecode.c.h; path = _BSITag.h; sourceTree = "<group>"; };
		05387B1A1AD7D23700F9954E /* _BSITag.m */ = {isa = PBXFileReference; fileEncoding = 4; lastKnownFileType = sourcecode.c.objc; path = _BSITag.m; sourceTree = "<group>"; };
		05387B1D1AD7D26400F9954E /* BSIBook.h */ = {isa = PBXFileReference; fileEncoding = 4; lastKnownFileType = sourcecode.c.h; path = BSIBook.h; sourceTree = "<group>"; };
		05387B1E1AD7D26400F9954E /* BSIBook.m */ = {isa = PBXFileReference; fileEncoding = 4; lastKnownFileType = sourcecode.c.objc; path = BSIBook.m; sourceTree = "<group>"; };
		05387B1F1AD7D26400F9954E /* BSITag.h */ = {isa = PBXFileReference; fileEncoding = 4; lastKnownFileType = sourcecode.c.h; path = BSITag.h; sourceTree = "<group>"; };
		05387B201AD7D26400F9954E /* BSITag.m */ = {isa = PBXFileReference; fileEncoding = 4; lastKnownFileType = sourcecode.c.objc; path = BSITag.m; sourceTree = "<group>"; };
		05387B231AD7D26D00F9954E /* BSIAuthor.h */ = {isa = PBXFileReference; fileEncoding = 4; lastKnownFileType = sourcecode.c.h; path = BSIAuthor.h; sourceTree = "<group>"; };
		05387B241AD7D26D00F9954E /* BSIAuthor.m */ = {isa = PBXFileReference; fileEncoding = 4; lastKnownFileType = sourcecode.c.objc; path = BSIAuthor.m; sourceTree = "<group>"; };
		05387B251AD7D26D00F9954E /* BSINote.h */ = {isa = PBXFileReference; fileEncoding = 4; lastKnownFileType = sourcecode.c.h; path = BSINote.h; sourceTree = "<group>"; };
		05387B261AD7D26D00F9954E /* BSINote.m */ = {isa = PBXFileReference; fileEncoding = 4; lastKnownFileType = sourcecode.c.objc; path = BSINote.m; sourceTree = "<group>"; };
		05387B271AD7D26D00F9954E /* BSIPdf.h */ = {isa = PBXFileReference; fileEncoding = 4; lastKnownFileType = sourcecode.c.h; path = BSIPdf.h; sourceTree = "<group>"; };
		05387B281AD7D26D00F9954E /* BSIPdf.m */ = {isa = PBXFileReference; fileEncoding = 4; lastKnownFileType = sourcecode.c.objc; path = BSIPdf.m; sourceTree = "<group>"; };
		05387B291AD7D26D00F9954E /* BSIPhoto.h */ = {isa = PBXFileReference; fileEncoding = 4; lastKnownFileType = sourcecode.c.h; path = BSIPhoto.h; sourceTree = "<group>"; };
		05387B2A1AD7D26D00F9954E /* BSIPhoto.m */ = {isa = PBXFileReference; fileEncoding = 4; lastKnownFileType = sourcecode.c.objc; path = BSIPhoto.m; sourceTree = "<group>"; };
		05387B2F1AD7D2EE00F9954E /* AGTCoreDataStack.m */ = {isa = PBXFileReference; fileEncoding = 4; lastKnownFileType = sourcecode.c.objc; path = AGTCoreDataStack.m; sourceTree = "<group>"; };
		05387B301AD7D2EE00F9954E /* AGTCoreDataStack.h */ = {isa = PBXFileReference; fileEncoding = 4; lastKnownFileType = sourcecode.c.h; path = AGTCoreDataStack.h; sourceTree = "<group>"; };
		05387B331AD846B100F9954E /* AGTCoreDataTableViewController.h */ = {isa = PBXFileReference; fileEncoding = 4; lastKnownFileType = sourcecode.c.h; path = AGTCoreDataTableViewController.h; sourceTree = "<group>"; };
		05387B341AD846B100F9954E /* AGTCoreDataTableViewController.m */ = {isa = PBXFileReference; fileEncoding = 4; lastKnownFileType = sourcecode.c.objc; path = AGTCoreDataTableViewController.m; sourceTree = "<group>"; };
		05387B361AD846EF00F9954E /* BSIBooksViewController.h */ = {isa = PBXFileReference; fileEncoding = 4; lastKnownFileType = sourcecode.c.h; path = BSIBooksViewController.h; sourceTree = "<group>"; };
		05387B371AD846EF00F9954E /* BSIBooksViewController.m */ = {isa = PBXFileReference; fileEncoding = 4; lastKnownFileType = sourcecode.c.objc; path = BSIBooksViewController.m; sourceTree = "<group>"; };
		054E4FB81AD90CBB00BD1F0E /* BookViewController.h */ = {isa = PBXFileReference; fileEncoding = 4; lastKnownFileType = sourcecode.c.h; path = BookViewController.h; sourceTree = "<group>"; };
		054E4FB91AD90CBB00BD1F0E /* BookViewController.m */ = {isa = PBXFileReference; fileEncoding = 4; lastKnownFileType = sourcecode.c.objc; path = BookViewController.m; sourceTree = "<group>"; };
		054E4FBA1AD90CBB00BD1F0E /* BookViewController.xib */ = {isa = PBXFileReference; fileEncoding = 4; lastKnownFileType = file.xib; path = BookViewController.xib; sourceTree = "<group>"; };
		054E4FC01ADA638C00BD1F0E /* UIViewController+Navigation.h */ = {isa = PBXFileReference; fileEncoding = 4; lastKnownFileType = sourcecode.c.h; path = "UIViewController+Navigation.h"; sourceTree = "<group>"; };
		054E4FC11ADA638C00BD1F0E /* UIViewController+Navigation.m */ = {isa = PBXFileReference; fileEncoding = 4; lastKnownFileType = sourcecode.c.objc; path = "UIViewController+Navigation.m"; sourceTree = "<group>"; };
		054E4FC41ADA64F900BD1F0E /* Settings.h */ = {isa = PBXFileReference; lastKnownFileType = sourcecode.c.h; path = Settings.h; sourceTree = "<group>"; };
		054E4FC51ADA688200BD1F0E /* AGTCoreDataStack+AGTCoreDataStack_DownloadedData.h */ = {isa = PBXFileReference; fileEncoding = 4; lastKnownFileType = sourcecode.c.h; path = "AGTCoreDataStack+AGTCoreDataStack_DownloadedData.h"; sourceTree = "<group>"; };
		054E4FC61ADA688200BD1F0E /* AGTCoreDataStack+AGTCoreDataStack_DownloadedData.m */ = {isa = PBXFileReference; fileEncoding = 4; lastKnownFileType = sourcecode.c.objc; path = "AGTCoreDataStack+AGTCoreDataStack_DownloadedData.m"; sourceTree = "<group>"; };
		054E6C041AE4175F006A9D67 /* BSINoteCollectionViewCell.xib */ = {isa = PBXFileReference; fileEncoding = 4; lastKnownFileType = file.xib; path = BSINoteCollectionViewCell.xib; sourceTree = "<group>"; };
		054E6C061AE41978006A9D67 /* BSINoteCollectionViewCell.h */ = {isa = PBXFileReference; fileEncoding = 4; lastKnownFileType = sourcecode.c.h; path = BSINoteCollectionViewCell.h; sourceTree = "<group>"; };
		054E6C071AE41978006A9D67 /* BSINoteCollectionViewCell.m */ = {isa = PBXFileReference; fileEncoding = 4; lastKnownFileType = sourcecode.c.objc; path = BSINoteCollectionViewCell.m; sourceTree = "<group>"; };
		054E6C091AE41BC8006A9D67 /* BSINotesViewController.h */ = {isa = PBXFileReference; fileEncoding = 4; lastKnownFileType = sourcecode.c.h; path = BSINotesViewController.h; sourceTree = "<group>"; };
		054E6C0A1AE41BC8006A9D67 /* BSINotesViewController.m */ = {isa = PBXFileReference; fileEncoding = 4; lastKnownFileType = sourcecode.c.objc; path = BSINotesViewController.m; sourceTree = "<group>"; };
		056F031D1AE66E9C00CA2C07 /* Model 2.xcdatamodel */ = {isa = PBXFileReference; lastKnownFileType = wrapper.xcdatamodel; path = "Model 2.xcdatamodel"; sourceTree = "<group>"; };
		056F031E1AE6F60900CA2C07 /* _BSILocation.h */ = {isa = PBXFileReference; fileEncoding = 4; lastKnownFileType = sourcecode.c.h; path = _BSILocation.h; sourceTree = "<group>"; };
		056F031F1AE6F60900CA2C07 /* _BSILocation.m */ = {isa = PBXFileReference; fileEncoding = 4; lastKnownFileType = sourcecode.c.objc; path = _BSILocation.m; sourceTree = "<group>"; };
		056F03211AE6F61600CA2C07 /* BSILocation.h */ = {isa = PBXFileReference; fileEncoding = 4; lastKnownFileType = sourcecode.c.h; path = BSILocation.h; sourceTree = "<group>"; };
		056F03221AE6F61600CA2C07 /* BSILocation.m */ = {isa = PBXFileReference; fileEncoding = 4; lastKnownFileType = sourcecode.c.objc; path = BSILocation.m; sourceTree = "<group>"; };
		0580923D1AE441AB00A92B8D /* noImage.png */ = {isa = PBXFileReference; lastKnownFileType = image.png; path = noImage.png; sourceTree = "<group>"; };
		0580923F1AE4F80C00A92B8D /* BSINoteViewController.h */ = {isa = PBXFileReference; fileEncoding = 4; lastKnownFileType = sourcecode.c.h; path = BSINoteViewController.h; sourceTree = "<group>"; };
		058092401AE4F80C00A92B8D /* BSINoteViewController.m */ = {isa = PBXFileReference; fileEncoding = 4; lastKnownFileType = sourcecode.c.objc; path = BSINoteViewController.m; sourceTree = "<group>"; };
		058092411AE4F80C00A92B8D /* BSINoteViewController.xib */ = {isa = PBXFileReference; fileEncoding = 4; lastKnownFileType = file.xib; path = BSINoteViewController.xib; sourceTree = "<group>"; };
		058092441AE4FA7400A92B8D /* MapKit.framework */ = {isa = PBXFileReference; lastKnownFileType = wrapper.framework; name = MapKit.framework; path = System/Library/Frameworks/MapKit.framework; sourceTree = SDKROOT; };
		058092461AE65E4600A92B8D /* BSIPhotoViewController.h */ = {isa = PBXFileReference; fileEncoding = 4; lastKnownFileType = sourcecode.c.h; path = BSIPhotoViewController.h; sourceTree = "<group>"; };
		058092471AE65E4600A92B8D /* BSIPhotoViewController.m */ = {isa = PBXFileReference; fileEncoding = 4; lastKnownFileType = sourcecode.c.objc; path = BSIPhotoViewController.m; sourceTree = "<group>"; };
		058092481AE65E4600A92B8D /* BSIPhotoViewController.xib */ = {isa = PBXFileReference; fileEncoding = 4; lastKnownFileType = file.xib; path = BSIPhotoViewController.xib; sourceTree = "<group>"; };
		05C3FEA51AE0321200DAB39D /* AGTCoreDataCollectionViewController.h */ = {isa = PBXFileReference; fileEncoding = 4; lastKnownFileType = sourcecode.c.h; path = AGTCoreDataCollectionViewController.h; sourceTree = "<group>"; };
		05C3FEA61AE0321200DAB39D /* AGTCoreDataCollectionViewController.m */ = {isa = PBXFileReference; fileEncoding = 4; lastKnownFileType = sourcecode.c.objc; path = AGTCoreDataCollectionViewController.m; sourceTree = "<group>"; };
/* End PBXFileReference section */

/* Begin PBXFrameworksBuildPhase section */
		05387AD71AD7CA2200F9954E /* Frameworks */ = {
			isa = PBXFrameworksBuildPhase;
			buildActionMask = 2147483647;
			files = (
				058092451AE4FA7400A92B8D /* MapKit.framework in Frameworks */,
			);
			runOnlyForDeploymentPostprocessing = 0;
		};
		05387AF01AD7CA2300F9954E /* Frameworks */ = {
			isa = PBXFrameworksBuildPhase;
			buildActionMask = 2147483647;
			files = (
			);
			runOnlyForDeploymentPostprocessing = 0;
		};
/* End PBXFrameworksBuildPhase section */

/* Begin PBXGroup section */
		05387AD11AD7CA2200F9954E = {
			isa = PBXGroup;
			children = (
				058092441AE4FA7400A92B8D /* MapKit.framework */,
				0580923D1AE441AB00A92B8D /* noImage.png */,
				05387ADC1AD7CA2200F9954E /* hackersBookCoreDate */,
				05387AF61AD7CA2300F9954E /* hackersBookCoreDateTests */,
				05387ADB1AD7CA2200F9954E /* Products */,
			);
			sourceTree = "<group>";
		};
		05387ADB1AD7CA2200F9954E /* Products */ = {
			isa = PBXGroup;
			children = (
				05387ADA1AD7CA2200F9954E /* hackersBookCoreDate.app */,
				05387AF31AD7CA2300F9954E /* hackersBookCoreDateTests.xctest */,
			);
			name = Products;
			sourceTree = "<group>";
		};
		05387ADC1AD7CA2200F9954E /* hackersBookCoreDate */ = {
			isa = PBXGroup;
			children = (
				054E6C031AE4172D006A9D67 /* Views */,
				054E4FC31ADA639100BD1F0E /* Categories */,
				05387B321AD8468400F9954E /* Controllers */,
				05387B031AD7CAA700F9954E /* Models */,
				05387AE11AD7CA2300F9954E /* AppDelegate.h */,
				05387AE21AD7CA2300F9954E /* AppDelegate.m */,
				05387AEA1AD7CA2300F9954E /* Images.xcassets */,
				05387AEC1AD7CA2300F9954E /* LaunchScreen.xib */,
				05387ADD1AD7CA2200F9954E /* Supporting Files */,
			);
			path = hackersBookCoreDate;
			sourceTree = "<group>";
		};
		05387ADD1AD7CA2200F9954E /* Supporting Files */ = {
			isa = PBXGroup;
			children = (
				054E4FC41ADA64F900BD1F0E /* Settings.h */,
				05387ADE1AD7CA2200F9954E /* Info.plist */,
				05387ADF1AD7CA2300F9954E /* main.m */,
			);
			name = "Supporting Files";
			sourceTree = "<group>";
		};
		05387AF61AD7CA2300F9954E /* hackersBookCoreDateTests */ = {
			isa = PBXGroup;
			children = (
				05387AF91AD7CA2300F9954E /* hackersBookCoreDateTests.m */,
				05387AF71AD7CA2300F9954E /* Supporting Files */,
			);
			path = hackersBookCoreDateTests;
			sourceTree = "<group>";
		};
		05387AF71AD7CA2300F9954E /* Supporting Files */ = {
			isa = PBXGroup;
			children = (
				05387AF81AD7CA2300F9954E /* Info.plist */,
			);
			name = "Supporting Files";
			sourceTree = "<group>";
		};
		05387B031AD7CAA700F9954E /* Models */ = {
			isa = PBXGroup;
			children = (
				056F03211AE6F61600CA2C07 /* BSILocation.h */,
				056F03221AE6F61600CA2C07 /* BSILocation.m */,
				05387B231AD7D26D00F9954E /* BSIAuthor.h */,
				05387B241AD7D26D00F9954E /* BSIAuthor.m */,
				05387B251AD7D26D00F9954E /* BSINote.h */,
				05387B261AD7D26D00F9954E /* BSINote.m */,
				05387B271AD7D26D00F9954E /* BSIPdf.h */,
				05387B281AD7D26D00F9954E /* BSIPdf.m */,
				05387B291AD7D26D00F9954E /* BSIPhoto.h */,
				05387B2A1AD7D26D00F9954E /* BSIPhoto.m */,
				05387B1D1AD7D26400F9954E /* BSIBook.h */,
				05387B1E1AD7D26400F9954E /* BSIBook.m */,
				05387B1F1AD7D26400F9954E /* BSITag.h */,
				05387B201AD7D26400F9954E /* BSITag.m */,
				05387B1C1AD7D23D00F9954E /* Machine */,
				05387B041AD7CAEF00F9954E /* Model.xcdatamodeld */,
				05387B071AD7D14F00F9954E /* BSIHackersBookBaseClass.h */,
				05387B081AD7D14F00F9954E /* BSIHackersBookBaseClass.m */,
				05387B2F1AD7D2EE00F9954E /* AGTCoreDataStack.m */,
				05387B301AD7D2EE00F9954E /* AGTCoreDataStack.h */,
			);
			name = Models;
			sourceTree = "<group>";
		};
		05387B1C1AD7D23D00F9954E /* Machine */ = {
			isa = PBXGroup;
			children = (
				056F031E1AE6F60900CA2C07 /* _BSILocation.h */,
				056F031F1AE6F60900CA2C07 /* _BSILocation.m */,
				05387B181AD7D23700F9954E /* _BSIBook.h */,
				05387B191AD7D23700F9954E /* _BSITag.h */,
				05387B1A1AD7D23700F9954E /* _BSITag.m */,
				05387B0A1AD7D22C00F9954E /* _BSIAuthor.h */,
				05387B0B1AD7D22C00F9954E /* _BSIAuthor.m */,
				05387B0C1AD7D22C00F9954E /* _BSIBook.m */,
				05387B0D1AD7D22C00F9954E /* _BSINote.h */,
				05387B0E1AD7D22C00F9954E /* _BSINote.m */,
				05387B0F1AD7D22C00F9954E /* _BSIPdf.h */,
				05387B101AD7D22C00F9954E /* _BSIPdf.m */,
				05387B111AD7D22C00F9954E /* _BSIPhoto.h */,
				05387B121AD7D22C00F9954E /* _BSIPhoto.m */,
			);
			name = Machine;
			sourceTree = "<group>";
		};
		05387B321AD8468400F9954E /* Controllers */ = {
			isa = PBXGroup;
			children = (
				05C3FEA51AE0321200DAB39D /* AGTCoreDataCollectionViewController.h */,
				05C3FEA61AE0321200DAB39D /* AGTCoreDataCollectionViewController.m */,
				05387B331AD846B100F9954E /* AGTCoreDataTableViewController.h */,
				05387B341AD846B100F9954E /* AGTCoreDataTableViewController.m */,
				05387B361AD846EF00F9954E /* BSIBooksViewController.h */,
				05387B371AD846EF00F9954E /* BSIBooksViewController.m */,
				054E4FB81AD90CBB00BD1F0E /* BookViewController.h */,
				054E4FB91AD90CBB00BD1F0E /* BookViewController.m */,
				054E4FBA1AD90CBB00BD1F0E /* BookViewController.xib */,
				054E6C091AE41BC8006A9D67 /* BSINotesViewController.h */,
				054E6C0A1AE41BC8006A9D67 /* BSINotesViewController.m */,
				0580923F1AE4F80C00A92B8D /* BSINoteViewController.h */,
				058092401AE4F80C00A92B8D /* BSINoteViewController.m */,
				058092411AE4F80C00A92B8D /* BSINoteViewController.xib */,
				058092461AE65E4600A92B8D /* BSIPhotoViewController.h */,
				058092471AE65E4600A92B8D /* BSIPhotoViewController.m */,
				058092481AE65E4600A92B8D /* BSIPhotoViewController.xib */,
			);
			name = Controllers;
			sourceTree = "<group>";
		};
		054E4FC31ADA639100BD1F0E /* Categories */ = {
			isa = PBXGroup;
			children = (
				054E4FC01ADA638C00BD1F0E /* UIViewController+Navigation.h */,
				054E4FC11ADA638C00BD1F0E /* UIViewController+Navigation.m */,
				054E4FC51ADA688200BD1F0E /* AGTCoreDataStack+AGTCoreDataStack_DownloadedData.h */,
				054E4FC61ADA688200BD1F0E /* AGTCoreDataStack+AGTCoreDataStack_DownloadedData.m */,
			);
			name = Categories;
			sourceTree = "<group>";
		};
		054E6C031AE4172D006A9D67 /* Views */ = {
			isa = PBXGroup;
			children = (
				054E6C041AE4175F006A9D67 /* BSINoteCollectionViewCell.xib */,
				054E6C061AE41978006A9D67 /* BSINoteCollectionViewCell.h */,
				054E6C071AE41978006A9D67 /* BSINoteCollectionViewCell.m */,
			);
			name = Views;
			sourceTree = "<group>";
		};
/* End PBXGroup section */

/* Begin PBXNativeTarget section */
		05387AD91AD7CA2200F9954E /* hackersBookCoreDate */ = {
			isa = PBXNativeTarget;
			buildConfigurationList = 05387AFD1AD7CA2300F9954E /* Build configuration list for PBXNativeTarget "hackersBookCoreDate" */;
			buildPhases = (
				05387AD61AD7CA2200F9954E /* Sources */,
				05387AD71AD7CA2200F9954E /* Frameworks */,
				05387AD81AD7CA2200F9954E /* Resources */,
			);
			buildRules = (
			);
			dependencies = (
			);
			name = hackersBookCoreDate;
			productName = hackersBookCoreDate;
			productReference = 05387ADA1AD7CA2200F9954E /* hackersBookCoreDate.app */;
			productType = "com.apple.product-type.application";
		};
		05387AF21AD7CA2300F9954E /* hackersBookCoreDateTests */ = {
			isa = PBXNativeTarget;
			buildConfigurationList = 05387B001AD7CA2300F9954E /* Build configuration list for PBXNativeTarget "hackersBookCoreDateTests" */;
			buildPhases = (
				05387AEF1AD7CA2300F9954E /* Sources */,
				05387AF01AD7CA2300F9954E /* Frameworks */,
				05387AF11AD7CA2300F9954E /* Resources */,
			);
			buildRules = (
			);
			dependencies = (
				05387AF51AD7CA2300F9954E /* PBXTargetDependency */,
			);
			name = hackersBookCoreDateTests;
			productName = hackersBookCoreDateTests;
			productReference = 05387AF31AD7CA2300F9954E /* hackersBookCoreDateTests.xctest */;
			productType = "com.apple.product-type.bundle.unit-test";
		};
/* End PBXNativeTarget section */

/* Begin PBXProject section */
		05387AD21AD7CA2200F9954E /* Project object */ = {
			isa = PBXProject;
			attributes = {
				LastUpgradeCheck = 0630;
				ORGANIZATIONNAME = Beside;
				TargetAttributes = {
					05387AD91AD7CA2200F9954E = {
						CreatedOnToolsVersion = 6.3;
					};
					05387AF21AD7CA2300F9954E = {
						CreatedOnToolsVersion = 6.3;
						TestTargetID = 05387AD91AD7CA2200F9954E;
					};
				};
			};
			buildConfigurationList = 05387AD51AD7CA2200F9954E /* Build configuration list for PBXProject "hackersBookCoreDate" */;
			compatibilityVersion = "Xcode 3.2";
			developmentRegion = English;
			hasScannedForEncodings = 0;
			knownRegions = (
				en,
				Base,
			);
			mainGroup = 05387AD11AD7CA2200F9954E;
			productRefGroup = 05387ADB1AD7CA2200F9954E /* Products */;
			projectDirPath = "";
			projectRoot = "";
			targets = (
				05387AD91AD7CA2200F9954E /* hackersBookCoreDate */,
				05387AF21AD7CA2300F9954E /* hackersBookCoreDateTests */,
			);
		};
/* End PBXProject section */

/* Begin PBXResourcesBuildPhase section */
		05387AD81AD7CA2200F9954E /* Resources */ = {
			isa = PBXResourcesBuildPhase;
			buildActionMask = 2147483647;
			files = (
				05387AEE1AD7CA2300F9954E /* LaunchScreen.xib in Resources */,
				054E6C051AE4175F006A9D67 /* BSINoteCollectionViewCell.xib in Resources */,
				0580923E1AE441AB00A92B8D /* noImage.png in Resources */,
				05387AEB1AD7CA2300F9954E /* Images.xcassets in Resources */,
				054E4FBC1AD90CBB00BD1F0E /* BookViewController.xib in Resources */,
				058092431AE4F80C00A92B8D /* BSINoteViewController.xib in Resources */,
				0580924A1AE65E4600A92B8D /* BSIPhotoViewController.xib in Resources */,
			);
			runOnlyForDeploymentPostprocessing = 0;
		};
		05387AF11AD7CA2300F9954E /* Resources */ = {
			isa = PBXResourcesBuildPhase;
			buildActionMask = 2147483647;
			files = (
			);
			runOnlyForDeploymentPostprocessing = 0;
		};
/* End PBXResourcesBuildPhase section */

/* Begin PBXSourcesBuildPhase section */
		05387AD61AD7CA2200F9954E /* Sources */ = {
			isa = PBXSourcesBuildPhase;
			buildActionMask = 2147483647;
			files = (
				05387B151AD7D22C00F9954E /* _BSINote.m in Sources */,
				05387B1B1AD7D23700F9954E /* _BSITag.m in Sources */,
				05C3FEA71AE0321200DAB39D /* AGTCoreDataCollectionViewController.m in Sources */,
				054E4FC21ADA638C00BD1F0E /* UIViewController+Navigation.m in Sources */,
				05387B381AD846EF00F9954E /* BSIBooksViewController.m in Sources */,
				05387AE31AD7CA2300F9954E /* AppDelegate.m in Sources */,
				05387B311AD7D2EE00F9954E /* AGTCoreDataStack.m in Sources */,
				054E4FBB1AD90CBB00BD1F0E /* BookViewController.m in Sources */,
				05387B2B1AD7D26D00F9954E /* BSIAuthor.m in Sources */,
				05387B141AD7D22C00F9954E /* _BSIBook.m in Sources */,
				05387B161AD7D22C00F9954E /* _BSIPdf.m in Sources */,
				05387B221AD7D26400F9954E /* BSITag.m in Sources */,
				05387B351AD846B100F9954E /* AGTCoreDataTableViewController.m in Sources */,
				05387AE01AD7CA2300F9954E /* main.m in Sources */,
				05387B061AD7CAEF00F9954E /* Model.xcdatamodeld in Sources */,
				05387B091AD7D14F00F9954E /* BSIHackersBookBaseClass.m in Sources */,
				056F03231AE6F61600CA2C07 /* BSILocation.m in Sources */,
				05387B2C1AD7D26D00F9954E /* BSINote.m in Sources */,
				05387B171AD7D22C00F9954E /* _BSIPhoto.m in Sources */,
				054E4FC71ADA688200BD1F0E /* AGTCoreDataStack+AGTCoreDataStack_DownloadedData.m in Sources */,
				05387B2D1AD7D26D00F9954E /* BSIPdf.m in Sources */,
				05387B2E1AD7D26D00F9954E /* BSIPhoto.m in Sources */,
				058092421AE4F80C00A92B8D /* BSINoteViewController.m in Sources */,
				058092491AE65E4600A92B8D /* BSIPhotoViewController.m in Sources */,
				05387B211AD7D26400F9954E /* BSIBook.m in Sources */,
				054E6C0B1AE41BC9006A9D67 /* BSINotesViewController.m in Sources */,
				054E6C081AE41978006A9D67 /* BSINoteCollectionViewCell.m in Sources */,
				05387B131AD7D22C00F9954E /* _BSIAuthor.m in Sources */,
				056F03201AE6F60900CA2C07 /* _BSILocation.m in Sources */,
			);
			runOnlyForDeploymentPostprocessing = 0;
		};
		05387AEF1AD7CA2300F9954E /* Sources */ = {
			isa = PBXSourcesBuildPhase;
			buildActionMask = 2147483647;
			files = (
				05387AFA1AD7CA2300F9954E /* hackersBookCoreDateTests.m in Sources */,
			);
			runOnlyForDeploymentPostprocessing = 0;
		};
/* End PBXSourcesBuildPhase section */

/* Begin PBXTargetDependency section */
		05387AF51AD7CA2300F9954E /* PBXTargetDependency */ = {
			isa = PBXTargetDependency;
			target = 05387AD91AD7CA2200F9954E /* hackersBookCoreDate */;
			targetProxy = 05387AF41AD7CA2300F9954E /* PBXContainerItemProxy */;
		};
/* End PBXTargetDependency section */

/* Begin PBXVariantGroup section */
		05387AEC1AD7CA2300F9954E /* LaunchScreen.xib */ = {
			isa = PBXVariantGroup;
			children = (
				05387AED1AD7CA2300F9954E /* Base */,
			);
			name = LaunchScreen.xib;
			sourceTree = "<group>";
		};
/* End PBXVariantGroup section */

/* Begin XCBuildConfiguration section */
		05387AFB1AD7CA2300F9954E /* Debug */ = {
			isa = XCBuildConfiguration;
			buildSettings = {
				ALWAYS_SEARCH_USER_PATHS = NO;
				CLANG_CXX_LANGUAGE_STANDARD = "gnu++0x";
				CLANG_CXX_LIBRARY = "libc++";
				CLANG_ENABLE_MODULES = YES;
				CLANG_ENABLE_OBJC_ARC = YES;
				CLANG_WARN_BOOL_CONVERSION = YES;
				CLANG_WARN_CONSTANT_CONVERSION = YES;
				CLANG_WARN_DIRECT_OBJC_ISA_USAGE = YES_ERROR;
				CLANG_WARN_EMPTY_BODY = YES;
				CLANG_WARN_ENUM_CONVERSION = YES;
				CLANG_WARN_INT_CONVERSION = YES;
				CLANG_WARN_OBJC_ROOT_CLASS = YES_ERROR;
				CLANG_WARN_UNREACHABLE_CODE = YES;
				CLANG_WARN__DUPLICATE_METHOD_MATCH = YES;
				"CODE_SIGN_IDENTITY[sdk=iphoneos*]" = "iPhone Developer";
				COPY_PHASE_STRIP = NO;
				DEBUG_INFORMATION_FORMAT = "dwarf-with-dsym";
				ENABLE_STRICT_OBJC_MSGSEND = YES;
				GCC_C_LANGUAGE_STANDARD = gnu99;
				GCC_DYNAMIC_NO_PIC = NO;
				GCC_NO_COMMON_BLOCKS = YES;
				GCC_OPTIMIZATION_LEVEL = 0;
				GCC_PREPROCESSOR_DEFINITIONS = (
					"DEBUG=1",
					"$(inherited)",
				);
				GCC_SYMBOLS_PRIVATE_EXTERN = NO;
				GCC_WARN_64_TO_32_BIT_CONVERSION = YES;
				GCC_WARN_ABOUT_RETURN_TYPE = YES_ERROR;
				GCC_WARN_UNDECLARED_SELECTOR = YES;
				GCC_WARN_UNINITIALIZED_AUTOS = YES_AGGRESSIVE;
				GCC_WARN_UNUSED_FUNCTION = YES;
				GCC_WARN_UNUSED_VARIABLE = YES;
				IPHONEOS_DEPLOYMENT_TARGET = 8.3;
				MTL_ENABLE_DEBUG_INFO = YES;
				ONLY_ACTIVE_ARCH = YES;
				SDKROOT = iphoneos;
				TARGETED_DEVICE_FAMILY = "1,2";
			};
			name = Debug;
		};
		05387AFC1AD7CA2300F9954E /* Release */ = {
			isa = XCBuildConfiguration;
			buildSettings = {
				ALWAYS_SEARCH_USER_PATHS = NO;
				CLANG_CXX_LANGUAGE_STANDARD = "gnu++0x";
				CLANG_CXX_LIBRARY = "libc++";
				CLANG_ENABLE_MODULES = YES;
				CLANG_ENABLE_OBJC_ARC = YES;
				CLANG_WARN_BOOL_CONVERSION = YES;
				CLANG_WARN_CONSTANT_CONVERSION = YES;
				CLANG_WARN_DIRECT_OBJC_ISA_USAGE = YES_ERROR;
				CLANG_WARN_EMPTY_BODY = YES;
				CLANG_WARN_ENUM_CONVERSION = YES;
				CLANG_WARN_INT_CONVERSION = YES;
				CLANG_WARN_OBJC_ROOT_CLASS = YES_ERROR;
				CLANG_WARN_UNREACHABLE_CODE = YES;
				CLANG_WARN__DUPLICATE_METHOD_MATCH = YES;
				"CODE_SIGN_IDENTITY[sdk=iphoneos*]" = "iPhone Developer";
				COPY_PHASE_STRIP = NO;
				DEBUG_INFORMATION_FORMAT = "dwarf-with-dsym";
				ENABLE_NS_ASSERTIONS = NO;
				ENABLE_STRICT_OBJC_MSGSEND = YES;
				GCC_C_LANGUAGE_STANDARD = gnu99;
				GCC_NO_COMMON_BLOCKS = YES;
				GCC_WARN_64_TO_32_BIT_CONVERSION = YES;
				GCC_WARN_ABOUT_RETURN_TYPE = YES_ERROR;
				GCC_WARN_UNDECLARED_SELECTOR = YES;
				GCC_WARN_UNINITIALIZED_AUTOS = YES_AGGRESSIVE;
				GCC_WARN_UNUSED_FUNCTION = YES;
				GCC_WARN_UNUSED_VARIABLE = YES;
				IPHONEOS_DEPLOYMENT_TARGET = 8.3;
				MTL_ENABLE_DEBUG_INFO = NO;
				SDKROOT = iphoneos;
				TARGETED_DEVICE_FAMILY = "1,2";
				VALIDATE_PRODUCT = YES;
			};
			name = Release;
		};
		05387AFE1AD7CA2300F9954E /* Debug */ = {
			isa = XCBuildConfiguration;
			buildSettings = {
				ASSETCATALOG_COMPILER_APPICON_NAME = AppIcon;
				INFOPLIST_FILE = hackersBookCoreDate/Info.plist;
				LD_RUNPATH_SEARCH_PATHS = "$(inherited) @executable_path/Frameworks";
				PRODUCT_NAME = "$(TARGET_NAME)";
			};
			name = Debug;
		};
		05387AFF1AD7CA2300F9954E /* Release */ = {
			isa = XCBuildConfiguration;
			buildSettings = {
				ASSETCATALOG_COMPILER_APPICON_NAME = AppIcon;
				INFOPLIST_FILE = hackersBookCoreDate/Info.plist;
				LD_RUNPATH_SEARCH_PATHS = "$(inherited) @executable_path/Frameworks";
				PRODUCT_NAME = "$(TARGET_NAME)";
			};
			name = Release;
		};
		05387B011AD7CA2300F9954E /* Debug */ = {
			isa = XCBuildConfiguration;
			buildSettings = {
				BUNDLE_LOADER = "$(TEST_HOST)";
				FRAMEWORK_SEARCH_PATHS = (
					"$(SDKROOT)/Developer/Library/Frameworks",
					"$(inherited)",
				);
				GCC_PREPROCESSOR_DEFINITIONS = (
					"DEBUG=1",
					"$(inherited)",
				);
				INFOPLIST_FILE = hackersBookCoreDateTests/Info.plist;
				LD_RUNPATH_SEARCH_PATHS = "$(inherited) @executable_path/Frameworks @loader_path/Frameworks";
				PRODUCT_NAME = "$(TARGET_NAME)";
				TEST_HOST = "$(BUILT_PRODUCTS_DIR)/hackersBookCoreDate.app/hackersBookCoreDate";
			};
			name = Debug;
		};
		05387B021AD7CA2300F9954E /* Release */ = {
			isa = XCBuildConfiguration;
			buildSettings = {
				BUNDLE_LOADER = "$(TEST_HOST)";
				FRAMEWORK_SEARCH_PATHS = (
					"$(SDKROOT)/Developer/Library/Frameworks",
					"$(inherited)",
				);
				INFOPLIST_FILE = hackersBookCoreDateTests/Info.plist;
				LD_RUNPATH_SEARCH_PATHS = "$(inherited) @executable_path/Frameworks @loader_path/Frameworks";
				PRODUCT_NAME = "$(TARGET_NAME)";
				TEST_HOST = "$(BUILT_PRODUCTS_DIR)/hackersBookCoreDate.app/hackersBookCoreDate";
			};
			name = Release;
		};
/* End XCBuildConfiguration section */

/* Begin XCConfigurationList section */
		05387AD51AD7CA2200F9954E /* Build configuration list for PBXProject "hackersBookCoreDate" */ = {
			isa = XCConfigurationList;
			buildConfigurations = (
				05387AFB1AD7CA2300F9954E /* Debug */,
				05387AFC1AD7CA2300F9954E /* Release */,
			);
			defaultConfigurationIsVisible = 0;
			defaultConfigurationName = Release;
		};
		05387AFD1AD7CA2300F9954E /* Build configuration list for PBXNativeTarget "hackersBookCoreDate" */ = {
			isa = XCConfigurationList;
			buildConfigurations = (
				05387AFE1AD7CA2300F9954E /* Debug */,
				05387AFF1AD7CA2300F9954E /* Release */,
			);
			defaultConfigurationIsVisible = 0;
			defaultConfigurationName = Release;
		};
		05387B001AD7CA2300F9954E /* Build configuration list for PBXNativeTarget "hackersBookCoreDateTests" */ = {
			isa = XCConfigurationList;
			buildConfigurations = (
				05387B011AD7CA2300F9954E /* Debug */,
				05387B021AD7CA2300F9954E /* Release */,
			);
			defaultConfigurationIsVisible = 0;
			defaultConfigurationName = Release;
		};
/* End XCConfigurationList section */

/* Begin XCVersionGroup section */
		05387B041AD7CAEF00F9954E /* Model.xcdatamodeld */ = {
			isa = XCVersionGroup;
			children = (
				056F031D1AE66E9C00CA2C07 /* Model 2.xcdatamodel */,
				05387B051AD7CAEF00F9954E /* Model.xcdatamodel */,
			);
			currentVersion = 05387B051AD7CAEF00F9954E /* Model.xcdatamodel */;
			path = Model.xcdatamodeld;
			sourceTree = "<group>";
			versionGroupType = wrapper.xcdatamodel;
		};
/* End XCVersionGroup section */
	};
	rootObject = 05387AD21AD7CA2200F9954E /* Project object */;
}
